
Microsoft Visual Studio Solution File, Format Version 12.00
# Visual Studio Version 16
VisualStudioVersion = 16.0.30002.166
MinimumVisualStudioVersion = 10.0.40219.1
Project("{FAE04EC0-301F-11D3-BF4B-00C04F79EFBC}") = "DockerWeb", "DockerWeb\DockerWeb.csproj", "{7C79F57E-65C3-4D79-8447-0807DD1FB533}"
EndProject
Project("{FAE04EC0-301F-11D3-BF4B-00C04F79EFBC}") = "DockerWeb.Tests", "DockerWeb.Tests\DockerWeb.Tests.csproj", "{3E77E274-FC64-4F7C-8EB6-617C4F718136}"
EndProject
Global
	GlobalSection(SolutionConfigurationPlatforms) = preSolution
		Debug|Any CPU = Debug|Any CPU
		Release|Any CPU = Release|Any CPU
	EndGlobalSection
	GlobalSection(ProjectConfigurationPlatforms) = postSolution
		{7C79F57E-65C3-4D79-8447-0807DD1FB533}.Debug|Any CPU.ActiveCfg = Debug|Any CPU
		{7C79F57E-65C3-4D79-8447-0807DD1FB533}.Debug|Any CPU.Build.0 = Debug|Any CPU
		{7C79F57E-65C3-4D79-8447-0807DD1FB533}.Release|Any CPU.ActiveCfg = Release|Any CPU
		{7C79F57E-65C3-4D79-8447-0807DD1FB533}.Release|Any CPU.Build.0 = Release|Any CPU
		{3E77E274-FC64-4F7C-8EB6-617C4F718136}.Debug|Any CPU.ActiveCfg = Debug|Any CPU
		{3E77E274-FC64-4F7C-8EB6-617C4F718136}.Debug|Any CPU.Build.0 = Debug|Any CPU
		{3E77E274-FC64-4F7C-8EB6-617C4F718136}.Release|Any CPU.ActiveCfg = Release|Any CPU
		{3E77E274-FC64-4F7C-8EB6-617C4F718136}.Release|Any CPU.Build.0 = Release|Any CPU
	EndGlobalSection
	GlobalSection(SolutionProperties) = preSolution
		HideSolutionNode = FALSE
	EndGlobalSection
	GlobalSection(ExtensibilityGlobals) = postSolution
		SolutionGuid = {3835EC7A-E27D-4D04-96CE-B7B7A097014E}
	EndGlobalSection
EndGlobal
